Microsoft Visual Studio Solution File, Format Version 11.00
# Visual Studio 16
Project("{FAE04EC0-301F-11D3-BF4B-00C04F79EFBC}") = "WpfApplication64", "WpfApplication64\WpfApplication64.Net5.csproj", "{7679F555-E505-4BE4-B361-EF2E6DFFD887}"
EndProject
Global
	GlobalSection(SolutionConfigurationPlatforms) = preSolution
		Debug|Any CPU = Debug|Any CPU
		Release|Any CPU = Release|Any CPU
	EndGlobalSection
	GlobalSection(ProjectConfigurationPlatforms) = postSolution
		{7679F555-E505-4BE4-B361-EF2E6DFFD887}.Debug|Any CPU.ActiveCfg = Debug|Any CPU
		{7679F555-E505-4BE4-B361-EF2E6DFFD887}.Debug|Any CPU.Build.0 = Debug|Any CPU
		{7679F555-E505-4BE4-B361-EF2E6DFFD887}.Release|Any CPU.ActiveCfg = Release|Any CPU
		{7679F555-E505-4BE4-B361-EF2E6DFFD887}.Release|Any CPU.Build.0 = Release|Any CPU
	EndGlobalSection
	GlobalSection(SolutionProperties) = preSolution
		HideSolutionNode = FALSE
	EndGlobalSection
EndGlobal
